{
  "nodes": {
    "flake-utils": {
      "inputs": {
        "systems": "systems"
      },
      "locked": {
        "lastModified": 1692792214,
        "narHash": "sha256-voZDQOvqHsaReipVd3zTKSBwN7LZcUwi3/ThMxRZToU=",
        "owner": "numtide",
        "repo": "flake-utils",
        "rev": "1721b3e7c882f75f2301b00d48a2884af8c448ae",
        "type": "github"
      },
      "original": {
        "owner": "numtide",
        "repo": "flake-utils",
        "type": "github"
      }
    },
    "nixpkgs": {
      "locked": {
        "lastModified": 1692798029,
        "narHash": "sha256-LHkUT/5MTDXYs1Z4ipsvfgMJOMyB+CFs/E4X2nEE+mo=",
        "owner": "NixOS",
        "repo": "nixpkgs",
        "rev": "502302d4d6a3651939a2d0fad70f503c5d967628",
        "type": "github"
      },
      "original": {
        "owner": "NixOS",
        "ref": "master",
        "repo": "nixpkgs",
        "type": "github"
      }
    },
    "root": {
      "inputs": {
        "flake-utils": "flake-utils",
        "nixpkgs": "nixpkgs"
      }
    },
    "systems": {
      "locked": {
        "lastModified": 1681028828,
        "narHash": "sha256-Vy1rq5AaRuLzOxct8nz4T6wlgyUR7zLU309k9mBC768=",
        "owner": "nix-systems",
        "repo": "default",
        "rev": "da67096a3b9bf56a91d16901293e51ba5b49a27e",
        "type": "github"
      },
      "original": {
        "owner": "nix-systems",
        "repo": "default",
        "type": "github"
      }
    }
  },
  "root": "root",
  "version": 7
}
